
Microsoft Visual Studio Solution File, Format Version 12.00
# Visual Studio Version 16
VisualStudioVersion = 16.0.29102.190
MinimumVisualStudioVersion = 10.0.40219.1
Project("{FAE04EC0-301F-11D3-BF4B-00C04F79EFBC}") = "TorrentTitleParser", "TorrentTitleParser\TorrentTitleParser.csproj", "{09020FEE-9C93-4ABE-9EA2-2CE5F672F013}"
EndProject
Project("{FAE04EC0-301F-11D3-BF4B-00C04F79EFBC}") = "TorrentTitleParser.Tests", "TorrentTitleParser.Tests\TorrentTitleParser.Tests.csproj", "{D60335DD-4568-492B-BB92-9114C7B0C748}"
EndProject
Global
	GlobalSection(SolutionConfigurationPlatforms) = preSolution
		Debug|Any CPU = Debug|Any CPU
		Release|Any CPU = Release|Any CPU
	EndGlobalSection
	GlobalSection(ProjectConfigurationPlatforms) = postSolution
		{09020FEE-9C93-4ABE-9EA2-2CE5F672F013}.Debug|Any CPU.ActiveCfg = Debug|Any CPU
		{09020FEE-9C93-4ABE-9EA2-2CE5F672F013}.Debug|Any CPU.Build.0 = Debug|Any CPU
		{09020FEE-9C93-4ABE-9EA2-2CE5F672F013}.Release|Any CPU.ActiveCfg = Release|Any CPU
		{09020FEE-9C93-4ABE-9EA2-2CE5F672F013}.Release|Any CPU.Build.0 = Release|Any CPU
		{D60335DD-4568-492B-BB92-9114C7B0C748}.Debug|Any CPU.ActiveCfg = Debug|Any CPU
		{D60335DD-4568-492B-BB92-9114C7B0C748}.Debug|Any CPU.Build.0 = Debug|Any CPU
		{D60335DD-4568-492B-BB92-9114C7B0C748}.Release|Any CPU.ActiveCfg = Release|Any CPU
		{D60335DD-4568-492B-BB92-9114C7B0C748}.Release|Any CPU.Build.0 = Release|Any CPU
	EndGlobalSection
	GlobalSection(SolutionProperties) = preSolution
		HideSolutionNode = FALSE
	EndGlobalSection
	GlobalSection(ExtensibilityGlobals) = postSolution
		SolutionGuid = {78323C44-86E6-41A9-9658-734BF4202B2A}
	EndGlobalSection
EndGlobal
